// !$*UTF8*$!
{
	archiveVersion = 1;
	classes = {
	};
	objectVersion = 46;
	objects = {

/* Begin PBXBuildFile section */
		44ED51D51D62FE0B0012748E /* TabBarController.m in Sources */ = {isa = PBXBuildFile; fileRef = 44ED51D41D62FE0B0012748E /* TabBarController.m */; };
		44ED51D91D62FF8D0012748E /* TokenManager.m in Sources */ = {isa = PBXBuildFile; fileRef = 44ED51D81D62FF8D0012748E /* TokenManager.m */; };
		44ED51DD1D630D310012748E /* CachedMusicViewController.m in Sources */ = {isa = PBXBuildFile; fileRef = 44ED51DC1D630D310012748E /* CachedMusicViewController.m */; };
		CA5E3E78B7B97A402A2BEDEC /* libPods.a in Frameworks */ = {isa = PBXBuildFile; fileRef = 164F601522AAC560646EEF82 /* libPods.a */; };
		E61D50081D4FC4E000A6139E /* BaseViewController.m in Sources */ = {isa = PBXBuildFile; fileRef = E61D50071D4FC4E000A6139E /* BaseViewController.m */; };
		E62C608B1BFA2D2B001EF88A /* UICircularSlider.m in Sources */ = {isa = PBXBuildFile; fileRef = E62C608A1BFA2D2B001EF88A /* UICircularSlider.m */; };
		E63C607A1BF86FFA00FBC7E8 /* main.m in Sources */ = {isa = PBXBuildFile; fileRef = E63C60791BF86FFA00FBC7E8 /* main.m */; };
		E63C607D1BF86FFA00FBC7E8 /* AppDelegate.m in Sources */ = {isa = PBXBuildFile; fileRef = E63C607C1BF86FFA00FBC7E8 /* AppDelegate.m */; };
		E63C60801BF86FFA00FBC7E8 /* AuthViewController.m in Sources */ = {isa = PBXBuildFile; fileRef = E63C607F1BF86FFA00FBC7E8 /* AuthViewController.m */; };
		E63C60851BF86FFA00FBC7E8 /* Assets.xcassets in Resources */ = {isa = PBXBuildFile; fileRef = E63C60841BF86FFA00FBC7E8 /* Assets.xcassets */; };
		E63C60A31BF8822500FBC7E8 /* launch4.png in Resources */ = {isa = PBXBuildFile; fileRef = E63C609F1BF8822500FBC7E8 /* launch4.png */; };
		E63C60A41BF8822500FBC7E8 /* launch5.png in Resources */ = {isa = PBXBuildFile; fileRef = E63C60A01BF8822500FBC7E8 /* launch5.png */; };
		E63C60A51BF8822500FBC7E8 /* launch6.png in Resources */ = {isa = PBXBuildFile; fileRef = E63C60A11BF8822500FBC7E8 /* launch6.png */; };
		E63C60A61BF8822500FBC7E8 /* launch6+.png in Resources */ = {isa = PBXBuildFile; fileRef = E63C60A21BF8822500FBC7E8 /* launch6+.png */; };
		E63C60B01BF8AF0000FBC7E8 /* MyMusicViewController.m in Sources */ = {isa = PBXBuildFile; fileRef = E63C60AF1BF8AF0000FBC7E8 /* MyMusicViewController.m */; };
		E63C60B51BF8B11B00FBC7E8 /* UserManagedObject.m in Sources */ = {isa = PBXBuildFile; fileRef = E63C60B41BF8B11B00FBC7E8 /* UserManagedObject.m */; };
		E63C60BA1BF8B15B00FBC7E8 /* ImagineModel.xcdatamodeld in Sources */ = {isa = PBXBuildFile; fileRef = E63C60B81BF8B15B00FBC7E8 /* ImagineModel.xcdatamodeld */; };
		E63C60BC1BF8B18B00FBC7E8 /* CoreData.framework in Frameworks */ = {isa = PBXBuildFile; fileRef = E63C60BB1BF8B18B00FBC7E8 /* CoreData.framework */; };
		E63C60BF1BF8B1F100FBC7E8 /* MainStorage.m in Sources */ = {isa = PBXBuildFile; fileRef = E63C60BE1BF8B1F100FBC7E8 /* MainStorage.m */; };
		E63C60C31BF8BDF900FBC7E8 /* WebImageView.m in Sources */ = {isa = PBXBuildFile; fileRef = E63C60C21BF8BDF900FBC7E8 /* WebImageView.m */; };
		E63C60C71BF8BED400FBC7E8 /* MyMusicHeader.m in Sources */ = {isa = PBXBuildFile; fileRef = E63C60C61BF8BED400FBC7E8 /* MyMusicHeader.m */; };
		E63C60CB1BF8C13900FBC7E8 /* MusicTableViewCell.m in Sources */ = {isa = PBXBuildFile; fileRef = E63C60CA1BF8C13900FBC7E8 /* MusicTableViewCell.m */; };
		E63C60D31BF8CA5100FBC7E8 /* AudioObject.m in Sources */ = {isa = PBXBuildFile; fileRef = E63C60D21BF8CA5100FBC7E8 /* AudioObject.m */; };
		E63C60D51BF8F74000FBC7E8 /* AVFoundation.framework in Frameworks */ = {isa = PBXBuildFile; fileRef = E63C60D41BF8F74000FBC7E8 /* AVFoundation.framework */; };
		E63C60D91BF8FA1F00FBC7E8 /* PlayerViewController.m in Sources */ = {isa = PBXBuildFile; fileRef = E63C60D81BF8FA1F00FBC7E8 /* PlayerViewController.m */; };
		E66313111C09DDF100A93BF1 /* SearchViewController.m in Sources */ = {isa = PBXBuildFile; fileRef = E66313101C09DDF100A93BF1 /* SearchViewController.m */; };
		E6B952E91BFDDB4000F237A7 /* SLColorArt.m in Sources */ = {isa = PBXBuildFile; fileRef = E6B952E41BFDDB4000F237A7 /* SLColorArt.m */; };
		E6B952EA1BFDDB4000F237A7 /* UIImage+Scale.m in Sources */ = {isa = PBXBuildFile; fileRef = E6B952E61BFDDB4000F237A7 /* UIImage+Scale.m */; };
		E6B952EB1BFDDB4000F237A7 /* UIImage+ColorArt.m in Sources */ = {isa = PBXBuildFile; fileRef = E6B952E81BFDDB4000F237A7 /* UIImage+ColorArt.m */; };
		E6B952F51BFDF22C00F237A7 /* NowPlayingFooter.m in Sources */ = {isa = PBXBuildFile; fileRef = E6B952F41BFDF22C00F237A7 /* NowPlayingFooter.m */; };
		E6BE29681BF9C2A2008C41C5 /* PRSoundManager.m in Sources */ = {isa = PBXBuildFile; fileRef = E6BE29671BF9C2A2008C41C5 /* PRSoundManager.m */; };
		E6EE1CB51BF9F7D400834D3B /* API.m in Sources */ = {isa = PBXBuildFile; fileRef = E6EE1CB41BF9F7D400834D3B /* API.m */; };
		E6F28D811BFB213200B2F314 /* ControlPanelView.m in Sources */ = {isa = PBXBuildFile; fileRef = E6F28D801BFB213200B2F314 /* ControlPanelView.m */; };
/* End PBXBuildFile section */

/* Begin PBXFileReference section */
		048AE1E2899E09DBDDF1A1AF /* Pods.release.xcconfig */ = {isa = PBXFileReference; includeInIndex = 1; lastKnownFileType = text.xcconfig; name = Pods.release.xcconfig; path = "Pods/Target Support Files/Pods/Pods.release.xcconfig"; sourceTree = "<group>"; };
		164F601522AAC560646EEF82 /* libPods.a */ = {isa = PBXFileReference; explicitFileType = archive.ar; includeInIndex = 0; path = libPods.a; sourceTree = BUILT_PRODUCTS_DIR; };
		44ED51D31D62FE0B0012748E /* TabBarController.h */ = {isa = PBXFileReference; fileEncoding = 4; lastKnownFileType = sourcecode.c.h; path = TabBarController.h; sourceTree = "<group>"; };
		44ED51D41D62FE0B0012748E /* TabBarController.m */ = {isa = PBXFileReference; fileEncoding = 4; lastKnownFileType = sourcecode.c.objc; path = TabBarController.m; sourceTree = "<group>"; };
		44ED51D71D62FF8D0012748E /* TokenManager.h */ = {isa = PBXFileReference; fileEncoding = 4; lastKnownFileType = sourcecode.c.h; path = TokenManager.h; sourceTree = "<group>"; };
		44ED51D81D62FF8D0012748E /* TokenManager.m */ = {isa = PBXFileReference; fileEncoding = 4; lastKnownFileType = sourcecode.c.objc; path = TokenManager.m; sourceTree = "<group>"; };
		44ED51DB1D630D310012748E /* CachedMusicViewController.h */ = {isa = PBXFileReference; fileEncoding = 4; lastKnownFileType = sourcecode.c.h; path = CachedMusicViewController.h; sourceTree = "<group>"; };
		44ED51DC1D630D310012748E /* CachedMusicViewController.m */ = {isa = PBXFileReference; fileEncoding = 4; lastKnownFileType = sourcecode.c.objc; path = CachedMusicViewController.m; sourceTree = "<group>"; };
		CC676D9F0F841A21F8F975E5 /* Pods.debug.xcconfig */ = {isa = PBXFileReference; includeInIndex = 1; lastKnownFileType = text.xcconfig; name = Pods.debug.xcconfig; path = "Pods/Target Support Files/Pods/Pods.debug.xcconfig"; sourceTree = "<group>"; };
		E61D50061D4FC4E000A6139E /* BaseViewController.h */ = {isa = PBXFileReference; fileEncoding = 4; lastKnownFileType = sourcecode.c.h; path = BaseViewController.h; sourceTree = "<group>"; };
		E61D50071D4FC4E000A6139E /* BaseViewController.m */ = {isa = PBXFileReference; fileEncoding = 4; lastKnownFileType = sourcecode.c.objc; path = BaseViewController.m; sourceTree = "<group>"; };
		E62C60891BFA2D2B001EF88A /* UICircularSlider.h */ = {isa = PBXFileReference; fileEncoding = 4; lastKnownFileType = sourcecode.c.h; path = UICircularSlider.h; sourceTree = "<group>"; };
		E62C608A1BFA2D2B001EF88A /* UICircularSlider.m */ = {isa = PBXFileReference; fileEncoding = 4; lastKnownFileType = sourcecode.c.objc; path = UICircularSlider.m; sourceTree = "<group>"; };
		E63C60751BF86FFA00FBC7E8 /* razuvaevMusic.app */ = {isa = PBXFileReference; explicitFileType = wrapper.application; includeInIndex = 0; path = razuvaevMusic.app; sourceTree = BUILT_PRODUCTS_DIR; };
		E63C60791BF86FFA00FBC7E8 /* main.m */ = {isa = PBXFileReference; lastKnownFileType = sourcecode.c.objc; path = main.m; sourceTree = "<group>"; };
		E63C607B1BF86FFA00FBC7E8 /* AppDelegate.h */ = {isa = PBXFileReference; lastKnownFileType = sourcecode.c.h; path = AppDelegate.h; sourceTree = "<group>"; };
		E63C607C1BF86FFA00FBC7E8 /* AppDelegate.m */ = {isa = PBXFileReference; lastKnownFileType = sourcecode.c.objc; path = AppDelegate.m; sourceTree = "<group>"; };
		E63C607E1BF86FFA00FBC7E8 /* AuthViewController.h */ = {isa = PBXFileReference; lastKnownFileType = sourcecode.c.h; path = AuthViewController.h; sourceTree = "<group>"; };
		E63C607F1BF86FFA00FBC7E8 /* AuthViewController.m */ = {isa = PBXFileReference; lastKnownFileType = sourcecode.c.objc; path = AuthViewController.m; sourceTree = "<group>"; };
		E63C60841BF86FFA00FBC7E8 /* Assets.xcassets */ = {isa = PBXFileReference; lastKnownFileType = folder.assetcatalog; path = Assets.xcassets; sourceTree = "<group>"; };
		E63C60891BF86FFA00FBC7E8 /* Info.plist */ = {isa = PBXFileReference; lastKnownFileType = text.plist.xml; path = Info.plist; sourceTree = "<group>"; };
		E63C609F1BF8822500FBC7E8 /* launch4.png */ = {isa = PBXFileReference; lastKnownFileType = image.png; path = launch4.png; sourceTree = "<group>"; };
		E63C60A01BF8822500FBC7E8 /* launch5.png */ = {isa = PBXFileReference; lastKnownFileType = image.png; path = launch5.png; sourceTree = "<group>"; };
		E63C60A11BF8822500FBC7E8 /* launch6.png */ = {isa = PBXFileReference; lastKnownFileType = image.png; path = launch6.png; sourceTree = "<group>"; };
		E63C60A21BF8822500FBC7E8 /* launch6+.png */ = {isa = PBXFileReference; lastKnownFileType = image.png; path = "launch6+.png"; sourceTree = "<group>"; };
		E63C60A71BF883B100FBC7E8 /* PrefixHeader.pch */ = {isa = PBXFileReference; fileEncoding = 4; lastKnownFileType = sourcecode.c.h; path = PrefixHeader.pch; sourceTree = "<group>"; };
		E63C60AE1BF8AF0000FBC7E8 /* MyMusicViewController.h */ = {isa = PBXFileReference; fileEncoding = 4; lastKnownFileType = sourcecode.c.h; path = MyMusicViewController.h; sourceTree = "<group>"; };
		E63C60AF1BF8AF0000FBC7E8 /* MyMusicViewController.m */ = {isa = PBXFileReference; fileEncoding = 4; lastKnownFileType = sourcecode.c.objc; path = MyMusicViewController.m; sourceTree = "<group>"; };
		E63C60B31BF8B11B00FBC7E8 /* UserManagedObject.h */ = {isa = PBXFileReference; fileEncoding = 4; lastKnownFileType = sourcecode.c.h; path = UserManagedObject.h; sourceTree = "<group>"; };
		E63C60B41BF8B11B00FBC7E8 /* UserManagedObject.m */ = {isa = PBXFileReference; fileEncoding = 4; lastKnownFileType = sourcecode.c.objc; path = UserManagedObject.m; sourceTree = "<group>"; };
		E63C60B91BF8B15B00FBC7E8 /* ImagineModel.xcdatamodel */ = {isa = PBXFileReference; lastKnownFileType = wrapper.xcdatamodel; path = ImagineModel.xcdatamodel; sourceTree = "<group>"; };
		E63C60BB1BF8B18B00FBC7E8 /* CoreData.framework */ = {isa = PBXFileReference; lastKnownFileType = wrapper.framework; name = CoreData.framework; path = System/Library/Frameworks/CoreData.framework; sourceTree = SDKROOT; };
		E63C60BD1BF8B1F100FBC7E8 /* MainStorage.h */ = {isa = PBXFileReference; fileEncoding = 4; lastKnownFileType = sourcecode.c.h; path = MainStorage.h; sourceTree = "<group>"; };
		E63C60BE1BF8B1F100FBC7E8 /* MainStorage.m */ = {isa = PBXFileReference; fileEncoding = 4; lastKnownFileType = sourcecode.c.objc; path = MainStorage.m; sourceTree = "<group>"; };
		E63C60C11BF8BDF900FBC7E8 /* WebImageView.h */ = {isa = PBXFileReference; fileEncoding = 4; lastKnownFileType = sourcecode.c.h; path = WebImageView.h; sourceTree = "<group>"; };
		E63C60C21BF8BDF900FBC7E8 /* WebImageView.m */ = {isa = PBXFileReference; fileEncoding = 4; lastKnownFileType = sourcecode.c.objc; path = WebImageView.m; sourceTree = "<group>"; };
		E63C60C51BF8BED400FBC7E8 /* MyMusicHeader.h */ = {isa = PBXFileReference; fileEncoding = 4; lastKnownFileType = sourcecode.c.h; path = MyMusicHeader.h; sourceTree = "<group>"; };
		E63C60C61BF8BED400FBC7E8 /* MyMusicHeader.m */ = {isa = PBXFileReference; fileEncoding = 4; lastKnownFileType = sourcecode.c.objc; path = MyMusicHeader.m; sourceTree = "<group>"; };
		E63C60C91BF8C13900FBC7E8 /* MusicTableViewCell.h */ = {isa = PBXFileReference; fileEncoding = 4; lastKnownFileType = sourcecode.c.h; path = MusicTableViewCell.h; sourceTree = "<group>"; };
		E63C60CA1BF8C13900FBC7E8 /* MusicTableViewCell.m */ = {isa = PBXFileReference; fileEncoding = 4; lastKnownFileType = sourcecode.c.objc; path = MusicTableViewCell.m; sourceTree = "<group>"; };
		E63C60D11BF8CA5100FBC7E8 /* AudioObject.h */ = {isa = PBXFileReference; fileEncoding = 4; lastKnownFileType = sourcecode.c.h; path = AudioObject.h; sourceTree = "<group>"; };
		E63C60D21BF8CA5100FBC7E8 /* AudioObject.m */ = {isa = PBXFileReference; fileEncoding = 4; lastKnownFileType = sourcecode.c.objc; path = AudioObject.m; sourceTree = "<group>"; };
		E63C60D41BF8F74000FBC7E8 /* AVFoundation.framework */ = {isa = PBXFileReference; lastKnownFileType = wrapper.framework; name = AVFoundation.framework; path = System/Library/Frameworks/AVFoundation.framework; sourceTree = SDKROOT; };
		E63C60D71BF8FA1F00FBC7E8 /* PlayerViewController.h */ = {isa = PBXFileReference; fileEncoding = 4; lastKnownFileType = sourcecode.c.h; path = PlayerViewController.h; sourceTree = "<group>"; };
		E63C60D81BF8FA1F00FBC7E8 /* PlayerViewController.m */ = {isa = PBXFileReference; fileEncoding = 4; lastKnownFileType = sourcecode.c.objc; path = PlayerViewController.m; sourceTree = "<group>"; };
		E663130F1C09DDF100A93BF1 /* SearchViewController.h */ = {isa = PBXFileReference; fileEncoding = 4; lastKnownFileType = sourcecode.c.h; path = SearchViewController.h; sourceTree = "<group>"; };
		E66313101C09DDF100A93BF1 /* SearchViewController.m */ = {isa = PBXFileReference; fileEncoding = 4; lastKnownFileType = sourcecode.c.objc; path = SearchViewController.m; sourceTree = "<group>"; };
		E6B952E31BFDDB4000F237A7 /* SLColorArt.h */ = {isa = PBXFileReference; fileEncoding = 4; lastKnownFileType = sourcecode.c.h; path = SLColorArt.h; sourceTree = "<group>"; };
		E6B952E41BFDDB4000F237A7 /* SLColorArt.m */ = {isa = PBXFileReference; fileEncoding = 4; lastKnownFileType = sourcecode.c.objc; path = SLColorArt.m; sourceTree = "<group>"; };
		E6B952E51BFDDB4000F237A7 /* UIImage+Scale.h */ = {isa = PBXFileReference; fileEncoding = 4; lastKnownFileType = sourcecode.c.h; path = "UIImage+Scale.h"; sourceTree = "<group>"; };
		E6B952E61BFDDB4000F237A7 /* UIImage+Scale.m */ = {isa = PBXFileReference; fileEncoding = 4; lastKnownFileType = sourcecode.c.objc; path = "UIImage+Scale.m"; sourceTree = "<group>"; };
		E6B952E71BFDDB4000F237A7 /* UIImage+ColorArt.h */ = {isa = PBXFileReference; fileEncoding = 4; lastKnownFileType = sourcecode.c.h; path = "UIImage+ColorArt.h"; sourceTree = "<group>"; };
		E6B952E81BFDDB4000F237A7 /* UIImage+ColorArt.m */ = {isa = PBXFileReference; fileEncoding = 4; lastKnownFileType = sourcecode.c.objc; path = "UIImage+ColorArt.m"; sourceTree = "<group>"; };
		E6B952F31BFDF22C00F237A7 /* NowPlayingFooter.h */ = {isa = PBXFileReference; fileEncoding = 4; lastKnownFileType = sourcecode.c.h; path = NowPlayingFooter.h; sourceTree = "<group>"; };
		E6B952F41BFDF22C00F237A7 /* NowPlayingFooter.m */ = {isa = PBXFileReference; fileEncoding = 4; lastKnownFileType = sourcecode.c.objc; path = NowPlayingFooter.m; sourceTree = "<group>"; };
		E6BE29661BF9C2A2008C41C5 /* PRSoundManager.h */ = {isa = PBXFileReference; fileEncoding = 4; lastKnownFileType = sourcecode.c.h; path = PRSoundManager.h; sourceTree = "<group>"; };
		E6BE29671BF9C2A2008C41C5 /* PRSoundManager.m */ = {isa = PBXFileReference; fileEncoding = 4; lastKnownFileType = sourcecode.c.objc; path = PRSoundManager.m; sourceTree = "<group>"; };
		E6EE1CB31BF9F7D400834D3B /* API.h */ = {isa = PBXFileReference; fileEncoding = 4; lastKnownFileType = sourcecode.c.h; path = API.h; sourceTree = "<group>"; };
		E6EE1CB41BF9F7D400834D3B /* API.m */ = {isa = PBXFileReference; fileEncoding = 4; lastKnownFileType = sourcecode.c.objc; path = API.m; sourceTree = "<group>"; };
		E6F28D7F1BFB213200B2F314 /* ControlPanelView.h */ = {isa = PBXFileReference; fileEncoding = 4; lastKnownFileType = sourcecode.c.h; path = ControlPanelView.h; sourceTree = "<group>"; };
		E6F28D801BFB213200B2F314 /* ControlPanelView.m */ = {isa = PBXFileReference; fileEncoding = 4; lastKnownFileType = sourcecode.c.objc; path = ControlPanelView.m; sourceTree = "<group>"; };
/* End PBXFileReference section */

/* Begin PBXFrameworksBuildPhase section */
		E63C60721BF86FFA00FBC7E8 /* Frameworks */ = {
			isa = PBXFrameworksBuildPhase;
			buildActionMask = 2147483647;
			files = (
				E63C60D51BF8F74000FBC7E8 /* AVFoundation.framework in Frameworks */,
				E63C60BC1BF8B18B00FBC7E8 /* CoreData.framework in Frameworks */,
				CA5E3E78B7B97A402A2BEDEC /* libPods.a in Frameworks */,
			);
			runOnlyForDeploymentPostprocessing = 0;
		};
/* End PBXFrameworksBuildPhase section */

/* Begin PBXGroup section */
		2F0CF5F6ADE55C55623D2E6A /* Pods */ = {
			isa = PBXGroup;
			children = (
				CC676D9F0F841A21F8F975E5 /* Pods.debug.xcconfig */,
				048AE1E2899E09DBDDF1A1AF /* Pods.release.xcconfig */,
			);
			name = Pods;
			sourceTree = "<group>";
		};
		44ED51D61D62FF710012748E /* TokenManager */ = {
			isa = PBXGroup;
			children = (
				44ED51D71D62FF8D0012748E /* TokenManager.h */,
				44ED51D81D62FF8D0012748E /* TokenManager.m */,
			);
			name = TokenManager;
			sourceTree = "<group>";
		};
		44ED51DA1D630D0C0012748E /* CachedMusicViewController */ = {
			isa = PBXGroup;
			children = (
				44ED51DB1D630D310012748E /* CachedMusicViewController.h */,
				44ED51DC1D630D310012748E /* CachedMusicViewController.m */,
			);
			name = CachedMusicViewController;
			sourceTree = "<group>";
		};
		87D8D109779589B429F6D11B /* Frameworks */ = {
			isa = PBXGroup;
			children = (
				E63C60D41BF8F74000FBC7E8 /* AVFoundation.framework */,
				E63C60BB1BF8B18B00FBC7E8 /* CoreData.framework */,
				164F601522AAC560646EEF82 /* libPods.a */,
			);
			name = Frameworks;
			sourceTree = "<group>";
		};
		E61D50041D4FBCDF00A6139E /* TabBarController */ = {
			isa = PBXGroup;
			children = (
				44ED51D31D62FE0B0012748E /* TabBarController.h */,
				44ED51D41D62FE0B0012748E /* TabBarController.m */,
			);
			name = TabBarController;
			sourceTree = "<group>";
		};
		E61D50051D4FC4C200A6139E /* BaseViewController */ = {
			isa = PBXGroup;
			children = (
				E61D50061D4FC4E000A6139E /* BaseViewController.h */,
				E61D50071D4FC4E000A6139E /* BaseViewController.m */,
			);
			name = BaseViewController;
			sourceTree = "<group>";
		};
		E62C60881BFA2D1F001EF88A /* CircleSlider */ = {
			isa = PBXGroup;
			children = (
				E62C60891BFA2D2B001EF88A /* UICircularSlider.h */,
				E62C608A1BFA2D2B001EF88A /* UICircularSlider.m */,
			);
			name = CircleSlider;
			sourceTree = "<group>";
		};
		E63C606C1BF86FFA00FBC7E8 = {
			isa = PBXGroup;
			children = (
				E63C60771BF86FFA00FBC7E8 /* razuvaevMusic */,
				E63C60761BF86FFA00FBC7E8 /* Products */,
				2F0CF5F6ADE55C55623D2E6A /* Pods */,
				87D8D109779589B429F6D11B /* Frameworks */,
			);
			sourceTree = "<group>";
		};
		E63C60761BF86FFA00FBC7E8 /* Products */ = {
			isa = PBXGroup;
			children = (
				E63C60751BF86FFA00FBC7E8 /* razuvaevMusic.app */,
			);
			name = Products;
			sourceTree = "<group>";
		};
		E63C60771BF86FFA00FBC7E8 /* razuvaevMusic */ = {
			isa = PBXGroup;
			children = (
				E63C60B61BF8B13700FBC7E8 /* Managers */,
				E63C60B11BF8B0C500FBC7E8 /* Objects */,
				E63C608F1BF8783000FBC7E8 /* AppDelegate */,
				E63C60841BF86FFA00FBC7E8 /* Assets.xcassets */,
				E63C60A81BF8953500FBC7E8 /* Helpers */,
				E63C60921BF87D1E00FBC7E8 /* Resources */,
				E63C60781BF86FFA00FBC7E8 /* Supporting Files */,
				E63C60901BF8783A00FBC7E8 /* ViewControllers */,
			);
			path = razuvaevMusic;
			sourceTree = "<group>";
		};
		E63C60781BF86FFA00FBC7E8 /* Supporting Files */ = {
			isa = PBXGroup;
			children = (
				E63C60891BF86FFA00FBC7E8 /* Info.plist */,
				E63C60791BF86FFA00FBC7E8 /* main.m */,
				E63C60A71BF883B100FBC7E8 /* PrefixHeader.pch */,
			);
			name = "Supporting Files";
			sourceTree = "<group>";
		};
		E63C608F1BF8783000FBC7E8 /* AppDelegate */ = {
			isa = PBXGroup;
			children = (
				E63C607B1BF86FFA00FBC7E8 /* AppDelegate.h */,
				E63C607C1BF86FFA00FBC7E8 /* AppDelegate.m */,
			);
			name = AppDelegate;
			sourceTree = "<group>";
		};
		E63C60901BF8783A00FBC7E8 /* ViewControllers */ = {
			isa = PBXGroup;
			children = (
				44ED51DA1D630D0C0012748E /* CachedMusicViewController */,
				E63C60911BF8784D00FBC7E8 /* AuthViewController */,
				E61D50051D4FC4C200A6139E /* BaseViewController */,
				E63C60AD1BF8AEAC00FBC7E8 /* MyMusicViewController */,
				E63C60D61BF8F9FE00FBC7E8 /* PlayerViewController */,
				E663130E1C09DDC600A93BF1 /* SearchViewController */,
				E61D50041D4FBCDF00A6139E /* TabBarController */,
			);
			name = ViewControllers;
			sourceTree = "<group>";
		};
		E63C60911BF8784D00FBC7E8 /* AuthViewController */ = {
			isa = PBXGroup;
			children = (
				E63C607E1BF86FFA00FBC7E8 /* AuthViewController.h */,
				E63C607F1BF86FFA00FBC7E8 /* AuthViewController.m */,
			);
			name = AuthViewController;
			sourceTree = "<group>";
		};
		E63C60921BF87D1E00FBC7E8 /* Resources */ = {
			isa = PBXGroup;
			children = (
				E6F28D711BFB1E1C00B2F314 /* Images */,
				E63C609E1BF87D8F00FBC7E8 /* LaunchScreens */,
			);
			name = Resources;
			sourceTree = "<group>";
		};
		E63C609E1BF87D8F00FBC7E8 /* LaunchScreens */ = {
			isa = PBXGroup;
			children = (
				E63C609F1BF8822500FBC7E8 /* launch4.png */,
				E63C60A01BF8822500FBC7E8 /* launch5.png */,
				E63C60A11BF8822500FBC7E8 /* launch6.png */,
				E63C60A21BF8822500FBC7E8 /* launch6+.png */,
			);
			name = LaunchScreens;
			sourceTree = "<group>";
		};
		E63C60A81BF8953500FBC7E8 /* Helpers */ = {
			isa = PBXGroup;
			children = (
				E62C60881BFA2D1F001EF88A /* CircleSlider */,
				E6B952DF1BFDD4A800F237A7 /* ColorFinder */,
				E63C60C01BF8BDE400FBC7E8 /* WebImageView */,
			);
			name = Helpers;
			sourceTree = "<group>";
		};
		E63C60AD1BF8AEAC00FBC7E8 /* MyMusicViewController */ = {
			isa = PBXGroup;
			children = (
				E6B952F21BFDF20600F237A7 /* TableViewFooter */,
				E63C60C81BF8C11D00FBC7E8 /* MyMusicCell */,
				E63C60C41BF8BEB200FBC7E8 /* TableViewHeader */,
				E63C60AE1BF8AF0000FBC7E8 /* MyMusicViewController.h */,
				E63C60AF1BF8AF0000FBC7E8 /* MyMusicViewController.m */,
			);
			name = MyMusicViewController;
			sourceTree = "<group>";
		};
		E63C60B11BF8B0C500FBC7E8 /* Objects */ = {
			isa = PBXGroup;
			children = (
				E63C60D01BF8CA3D00FBC7E8 /* AudioObject */,
				E63C60B21BF8B0CC00FBC7E8 /* UserObject */,
			);
			name = Objects;
			sourceTree = "<group>";
		};
		E63C60B21BF8B0CC00FBC7E8 /* UserObject */ = {
			isa = PBXGroup;
			children = (
				E63C60B31BF8B11B00FBC7E8 /* UserManagedObject.h */,
				E63C60B41BF8B11B00FBC7E8 /* UserManagedObject.m */,
			);
			name = UserObject;
			sourceTree = "<group>";
		};
		E63C60B61BF8B13700FBC7E8 /* Managers */ = {
			isa = PBXGroup;
			children = (
				44ED51D61D62FF710012748E /* TokenManager */,
				E6EE1CB21BF9F7C200834D3B /* API */,
				E63C60B71BF8B13C00FBC7E8 /* MainStorage */,
				E6BE295C1BF9B855008C41C5 /* SoundManager */,
			);
			name = Managers;
			sourceTree = "<group>";
		};
		E63C60B71BF8B13C00FBC7E8 /* MainStorage */ = {
			isa = PBXGroup;
			children = (
				E63C60B81BF8B15B00FBC7E8 /* ImagineModel.xcdatamodeld */,
				E63C60BD1BF8B1F100FBC7E8 /* MainStorage.h */,
				E63C60BE1BF8B1F100FBC7E8 /* MainStorage.m */,
			);
			name = MainStorage;
			sourceTree = "<group>";
		};
		E63C60C01BF8BDE400FBC7E8 /* WebImageView */ = {
			isa = PBXGroup;
			children = (
				E63C60C11BF8BDF900FBC7E8 /* WebImageView.h */,
				E63C60C21BF8BDF900FBC7E8 /* WebImageView.m */,
			);
			name = WebImageView;
			sourceTree = "<group>";
		};
		E63C60C41BF8BEB200FBC7E8 /* TableViewHeader */ = {
			isa = PBXGroup;
			children = (
				E63C60C51BF8BED400FBC7E8 /* MyMusicHeader.h */,
				E63C60C61BF8BED400FBC7E8 /* MyMusicHeader.m */,
			);
			name = TableViewHeader;
			sourceTree = "<group>";
		};
		E63C60C81BF8C11D00FBC7E8 /* MyMusicCell */ = {
			isa = PBXGroup;
			children = (
				E63C60C91BF8C13900FBC7E8 /* MusicTableViewCell.h */,
				E63C60CA1BF8C13900FBC7E8 /* MusicTableViewCell.m */,
			);
			name = MyMusicCell;
			sourceTree = "<group>";
		};
		E63C60D01BF8CA3D00FBC7E8 /* AudioObject */ = {
			isa = PBXGroup;
			children = (
				E63C60D11BF8CA5100FBC7E8 /* AudioObject.h */,
				E63C60D21BF8CA5100FBC7E8 /* AudioObject.m */,
			);
			name = AudioObject;
			sourceTree = "<group>";
		};
		E63C60D61BF8F9FE00FBC7E8 /* PlayerViewController */ = {
			isa = PBXGroup;
			children = (
				E6F28D7E1BFB212000B2F314 /* ControlPanelView */,
				E63C60D71BF8FA1F00FBC7E8 /* PlayerViewController.h */,
				E63C60D81BF8FA1F00FBC7E8 /* PlayerViewController.m */,
			);
			name = PlayerViewController;
			sourceTree = "<group>";
		};
		E663130E1C09DDC600A93BF1 /* SearchViewController */ = {
			isa = PBXGroup;
			children = (
				E663130F1C09DDF100A93BF1 /* SearchViewController.h */,
				E66313101C09DDF100A93BF1 /* SearchViewController.m */,
			);
			name = SearchViewController;
			sourceTree = "<group>";
		};
		E6B952DF1BFDD4A800F237A7 /* ColorFinder */ = {
			isa = PBXGroup;
			children = (
				E6B952E31BFDDB4000F237A7 /* SLColorArt.h */,
				E6B952E41BFDDB4000F237A7 /* SLColorArt.m */,
				E6B952E51BFDDB4000F237A7 /* UIImage+Scale.h */,
				E6B952E61BFDDB4000F237A7 /* UIImage+Scale.m */,
				E6B952E71BFDDB4000F237A7 /* UIImage+ColorArt.h */,
				E6B952E81BFDDB4000F237A7 /* UIImage+ColorArt.m */,
			);
			name = ColorFinder;
			sourceTree = "<group>";
		};
		E6B952F21BFDF20600F237A7 /* TableViewFooter */ = {
			isa = PBXGroup;
			children = (
				E6B952F31BFDF22C00F237A7 /* NowPlayingFooter.h */,
				E6B952F41BFDF22C00F237A7 /* NowPlayingFooter.m */,
			);
			name = TableViewFooter;
			sourceTree = "<group>";
		};
		E6BE295C1BF9B855008C41C5 /* SoundManager */ = {
			isa = PBXGroup;
			children = (
				E6BE29661BF9C2A2008C41C5 /* PRSoundManager.h */,
				E6BE29671BF9C2A2008C41C5 /* PRSoundManager.m */,
			);
			name = SoundManager;
			sourceTree = "<group>";
		};
		E6EE1CB21BF9F7C200834D3B /* API */ = {
			isa = PBXGroup;
			children = (
				E6EE1CB31BF9F7D400834D3B /* API.h */,
				E6EE1CB41BF9F7D400834D3B /* API.m */,
			);
			name = API;
			sourceTree = "<group>";
		};
		E6F28D711BFB1E1C00B2F314 /* Images */ = {
			isa = PBXGroup;
			children = (
			);
			name = Images;
			sourceTree = "<group>";
		};
		E6F28D7E1BFB212000B2F314 /* ControlPanelView */ = {
			isa = PBXGroup;
			children = (
				E6F28D7F1BFB213200B2F314 /* ControlPanelView.h */,
				E6F28D801BFB213200B2F314 /* ControlPanelView.m */,
			);
			name = ControlPanelView;
			sourceTree = "<group>";
		};
/* End PBXGroup section */

/* Begin PBXNativeTarget section */
		E63C60741BF86FFA00FBC7E8 /* razuvaevMusic */ = {
			isa = PBXNativeTarget;
			buildConfigurationList = E63C608C1BF86FFA00FBC7E8 /* Build configuration list for PBXNativeTarget "razuvaevMusic" */;
			buildPhases = (
				3AAA062614A492027EF4C7B7 /* Check Pods Manifest.lock */,
				E63C60711BF86FFA00FBC7E8 /* Sources */,
				E63C60721BF86FFA00FBC7E8 /* Frameworks */,
				E63C60731BF86FFA00FBC7E8 /* Resources */,
				4CC3A2B4AE37600D507ACA58 /* Embed Pods Frameworks */,
				244840591275283862F03C54 /* Copy Pods Resources */,
			);
			buildRules = (
			);
			dependencies = (
			);
			name = razuvaevMusic;
			productName = razuvaevMusic;
			productReference = E63C60751BF86FFA00FBC7E8 /* razuvaevMusic.app */;
			productType = "com.apple.product-type.application";
		};
/* End PBXNativeTarget section */

/* Begin PBXProject section */
		E63C606D1BF86FFA00FBC7E8 /* Project object */ = {
			isa = PBXProject;
			attributes = {
				LastUpgradeCheck = 0710;
				ORGANIZATIONNAME = "Pavel Razuvaev";
				TargetAttributes = {
					E63C60741BF86FFA00FBC7E8 = {
						CreatedOnToolsVersion = 7.1.1;
						DevelopmentTeam = P3T7NG5D3V;
					};
				};
			};
			buildConfigurationList = E63C60701BF86FFA00FBC7E8 /* Build configuration list for PBXProject "razuvaevMusic" */;
			compatibilityVersion = "Xcode 3.2";
			developmentRegion = English;
			hasScannedForEncodings = 0;
			knownRegions = (
				en,
				Base,
			);
			mainGroup = E63C606C1BF86FFA00FBC7E8;
			productRefGroup = E63C60761BF86FFA00FBC7E8 /* Products */;
			projectDirPath = "";
			projectRoot = "";
			targets = (
				E63C60741BF86FFA00FBC7E8 /* razuvaevMusic */,
			);
		};
/* End PBXProject section */

/* Begin PBXResourcesBuildPhase section */
		E63C60731BF86FFA00FBC7E8 /* Resources */ = {
			isa = PBXResourcesBuildPhase;
			buildActionMask = 2147483647;
			files = (
				E63C60851BF86FFA00FBC7E8 /* Assets.xcassets in Resources */,
				E63C60A31BF8822500FBC7E8 /* launch4.png in Resources */,
				E63C60A61BF8822500FBC7E8 /* launch6+.png in Resources */,
				E63C60A41BF8822500FBC7E8 /* launch5.png in Resources */,
				E63C60A51BF8822500FBC7E8 /* launch6.png in Resources */,
			);
			runOnlyForDeploymentPostprocessing = 0;
		};
/* End PBXResourcesBuildPhase section */

/* Begin PBXShellScriptBuildPhase section */
		244840591275283862F03C54 /* Copy Pods Resources */ = {
			isa = PBXShellScriptBuildPhase;
			buildActionMask = 2147483647;
			files = (
			);
			inputPaths = (
			);
			name = "Copy Pods Resources";
			outputPaths = (
			);
			runOnlyForDeploymentPostprocessing = 0;
			shellPath = /bin/sh;
			shellScript = "\"${SRCROOT}/Pods/Target Support Files/Pods/Pods-resources.sh\"\n";
			showEnvVarsInLog = 0;
		};
		3AAA062614A492027EF4C7B7 /* Check Pods Manifest.lock */ = {
			isa = PBXShellScriptBuildPhase;
			buildActionMask = 2147483647;
			files = (
			);
			inputPaths = (
			);
			name = "Check Pods Manifest.lock";
			outputPaths = (
			);
			runOnlyForDeploymentPostprocessing = 0;
			shellPath = /bin/sh;
			shellScript = "diff \"${PODS_ROOT}/../Podfile.lock\" \"${PODS_ROOT}/Manifest.lock\" > /dev/null\nif [[ $? != 0 ]] ; then\n    cat << EOM\nerror: The sandbox is not in sync with the Podfile.lock. Run 'pod install' or update your CocoaPods installation.\nEOM\n    exit 1\nfi\n";
			showEnvVarsInLog = 0;
		};
		4CC3A2B4AE37600D507ACA58 /* Embed Pods Frameworks */ = {
			isa = PBXShellScriptBuildPhase;
			buildActionMask = 2147483647;
			files = (
			);
			inputPaths = (
			);
			name = "Embed Pods Frameworks";
			outputPaths = (
			);
			runOnlyForDeploymentPostprocessing = 0;
			shellPath = /bin/sh;
			shellScript = "\"${SRCROOT}/Pods/Target Support Files/Pods/Pods-frameworks.sh\"\n";
			showEnvVarsInLog = 0;
		};
/* End PBXShellScriptBuildPhase section */

/* Begin PBXSourcesBuildPhase section */
		E63C60711BF86FFA00FBC7E8 /* Sources */ = {
			isa = PBXSourcesBuildPhase;
			buildActionMask = 2147483647;
			files = (
				E6BE29681BF9C2A2008C41C5 /* PRSoundManager.m in Sources */,
				E63C60D31BF8CA5100FBC7E8 /* AudioObject.m in Sources */,
				E62C608B1BFA2D2B001EF88A /* UICircularSlider.m in Sources */,
				44ED51D51D62FE0B0012748E /* TabBarController.m in Sources */,
				E6F28D811BFB213200B2F314 /* ControlPanelView.m in Sources */,
				E63C60BF1BF8B1F100FBC7E8 /* MainStorage.m in Sources */,
				E63C60CB1BF8C13900FBC7E8 /* MusicTableViewCell.m in Sources */,
				E63C60B01BF8AF0000FBC7E8 /* MyMusicViewController.m in Sources */,
				44ED51DD1D630D310012748E /* CachedMusicViewController.m in Sources */,
				E66313111C09DDF100A93BF1 /* SearchViewController.m in Sources */,
				E6B952E91BFDDB4000F237A7 /* SLColorArt.m in Sources */,
				E63C60D91BF8FA1F00FBC7E8 /* PlayerViewController.m in Sources */,
				E63C60B51BF8B11B00FBC7E8 /* UserManagedObject.m in Sources */,
				E6B952EB1BFDDB4000F237A7 /* UIImage+ColorArt.m in Sources */,
				E63C60C71BF8BED400FBC7E8 /* MyMusicHeader.m in Sources */,
				E61D50081D4FC4E000A6139E /* BaseViewController.m in Sources */,
				E6B952F51BFDF22C00F237A7 /* NowPlayingFooter.m in Sources */,
				E6EE1CB51BF9F7D400834D3B /* API.m in Sources */,
				E63C60801BF86FFA00FBC7E8 /* AuthViewController.m in Sources */,
				E63C607D1BF86FFA00FBC7E8 /* AppDelegate.m in Sources */,
				E63C60C31BF8BDF900FBC7E8 /* WebImageView.m in Sources */,
				E63C60BA1BF8B15B00FBC7E8 /* ImagineModel.xcdatamodeld in Sources */,
				44ED51D91D62FF8D0012748E /* TokenManager.m in Sources */,
				E63C607A1BF86FFA00FBC7E8 /* main.m in Sources */,
				E6B952EA1BFDDB4000F237A7 /* UIImage+Scale.m in Sources */,
			);
			runOnlyForDeploymentPostprocessing = 0;
		};
/* End PBXSourcesBuildPhase section */

/* Begin XCBuildConfiguration section */
		E63C608A1BF86FFA00FBC7E8 /* Debug */ = {
			isa = XCBuildConfiguration;
			buildSettings = {
				ALWAYS_SEARCH_USER_PATHS = NO;
				CLANG_CXX_LANGUAGE_STANDARD = "gnu++0x";
				CLANG_CXX_LIBRARY = "libc++";
				CLANG_ENABLE_MODULES = YES;
				CLANG_ENABLE_OBJC_ARC = YES;
				CLANG_WARN_BOOL_CONVERSION = YES;
				CLANG_WARN_CONSTANT_CONVERSION = YES;
				CLANG_WARN_DIRECT_OBJC_ISA_USAGE = YES_ERROR;
				CLANG_WARN_EMPTY_BODY = YES;
				CLANG_WARN_ENUM_CONVERSION = YES;
				CLANG_WARN_INT_CONVERSION = YES;
				CLANG_WARN_OBJC_ROOT_CLASS = YES_ERROR;
				CLANG_WARN_UNREACHABLE_CODE = YES;
				CLANG_WARN__DUPLICATE_METHOD_MATCH = YES;
				"CODE_SIGN_IDENTITY[sdk=iphoneos*]" = "iPhone Developer";
				COPY_PHASE_STRIP = NO;
				DEBUG_INFORMATION_FORMAT = dwarf;
				ENABLE_STRICT_OBJC_MSGSEND = YES;
				ENABLE_TESTABILITY = YES;
				GCC_C_LANGUAGE_STANDARD = gnu99;
				GCC_DYNAMIC_NO_PIC = NO;
				GCC_NO_COMMON_BLOCKS = YES;
				GCC_OPTIMIZATION_LEVEL = 0;
				GCC_PREPROCESSOR_DEFINITIONS = (
					"DEBUG=1",
					"$(inherited)",
				);
				GCC_WARN_64_TO_32_BIT_CONVERSION = YES;
				GCC_WARN_ABOUT_RETURN_TYPE = YES_ERROR;
				GCC_WARN_UNDECLARED_SELECTOR = YES;
				GCC_WARN_UNINITIALIZED_AUTOS = YES_AGGRESSIVE;
				GCC_WARN_UNUSED_FUNCTION = YES;
				GCC_WARN_UNUSED_VARIABLE = YES;
				IPHONEOS_DEPLOYMENT_TARGET = 9.1;
				MTL_ENABLE_DEBUG_INFO = YES;
				ONLY_ACTIVE_ARCH = YES;
				SDKROOT = iphoneos;
			};
			name = Debug;
		};
		E63C608B1BF86FFA00FBC7E8 /* Release */ = {
			isa = XCBuildConfiguration;
			buildSettings = {
				ALWAYS_SEARCH_USER_PATHS = NO;
				CLANG_CXX_LANGUAGE_STANDARD = "gnu++0x";
				CLANG_CXX_LIBRARY = "libc++";
				CLANG_ENABLE_MODULES = YES;
				CLANG_ENABLE_OBJC_ARC = YES;
				CLANG_WARN_BOOL_CONVERSION = YES;
				CLANG_WARN_CONSTANT_CONVERSION = YES;
				CLANG_WARN_DIRECT_OBJC_ISA_USAGE = YES_ERROR;
				CLANG_WARN_EMPTY_BODY = YES;
				CLANG_WARN_ENUM_CONVERSION = YES;
				CLANG_WARN_INT_CONVERSION = YES;
				CLANG_WARN_OBJC_ROOT_CLASS = YES_ERROR;
				CLANG_WARN_UNREACHABLE_CODE = YES;
				CLANG_WARN__DUPLICATE_METHOD_MATCH = YES;
				"CODE_SIGN_IDENTITY[sdk=iphoneos*]" = "iPhone Developer";
				COPY_PHASE_STRIP = NO;
				DEBUG_INFORMATION_FORMAT = "dwarf-with-dsym";
				ENABLE_NS_ASSERTIONS = NO;
				ENABLE_STRICT_OBJC_MSGSEND = YES;
				GCC_C_LANGUAGE_STANDARD = gnu99;
				GCC_NO_COMMON_BLOCKS = YES;
				GCC_WARN_64_TO_32_BIT_CONVERSION = YES;
				GCC_WARN_ABOUT_RETURN_TYPE = YES_ERROR;
				GCC_WARN_UNDECLARED_SELECTOR = YES;
				GCC_WARN_UNINITIALIZED_AUTOS = YES_AGGRESSIVE;
				GCC_WARN_UNUSED_FUNCTION = YES;
				GCC_WARN_UNUSED_VARIABLE = YES;
				IPHONEOS_DEPLOYMENT_TARGET = 9.1;
				MTL_ENABLE_DEBUG_INFO = NO;
				SDKROOT = iphoneos;
				VALIDATE_PRODUCT = YES;
			};
			name = Release;
		};
		E63C608D1BF86FFA00FBC7E8 /* Debug */ = {
			isa = XCBuildConfiguration;
			baseConfigurationReference = CC676D9F0F841A21F8F975E5 /* Pods.debug.xcconfig */;
			buildSettings = {
				ASSETCATALOG_COMPILER_APPICON_NAME = AppIcon;
				ASSETCATALOG_COMPILER_LAUNCHIMAGE_NAME = LaunchImage;
				CODE_SIGN_IDENTITY = "iPhone Developer";
				ENABLE_BITCODE = NO;
				GCC_PREFIX_HEADER = razuvaevMusic/PrefixHeader.pch;
				INFOPLIST_FILE = razuvaevMusic/Info.plist;
				IPHONEOS_DEPLOYMENT_TARGET = 7.0;
				LD_RUNPATH_SEARCH_PATHS = "$(inherited) @executable_path/Frameworks";
				PRODUCT_BUNDLE_IDENTIFIER = com.ltst.razuvaevMusic;
				PRODUCT_NAME = "$(TARGET_NAME)";
				PROVISIONING_PROFILE = "";
			};
			name = Debug;
		};
		E63C608E1BF86FFA00FBC7E8 /* Release */ = {
			isa = XCBuildConfiguration;
			baseConfigurationReference = 048AE1E2899E09DBDDF1A1AF /* Pods.release.xcconfig */;
			buildSettings = {
				ASSETCATALOG_COMPILER_APPICON_NAME = AppIcon;
				ASSETCATALOG_COMPILER_LAUNCHIMAGE_NAME = LaunchImage;
				CODE_SIGN_IDENTITY = "iPhone Developer";
				ENABLE_BITCODE = NO;
				GCC_PREFIX_HEADER = razuvaevMusic/PrefixHeader.pch;
				INFOPLIST_FILE = razuvaevMusic/Info.plist;
				IPHONEOS_DEPLOYMENT_TARGET = 7.0;
				LD_RUNPATH_SEARCH_PATHS = "$(inherited) @executable_path/Frameworks";
				PRODUCT_BUNDLE_IDENTIFIER = com.ltst.razuvaevMusic;
				PRODUCT_NAME = "$(TARGET_NAME)";
				PROVISIONING_PROFILE = "";
			};
			name = Release;
		};
/* End XCBuildConfiguration section */

/* Begin XCConfigurationList section */
		E63C60701BF86FFA00FBC7E8 /* Build configuration list for PBXProject "razuvaevMusic" */ = {
			isa = XCConfigurationList;
			buildConfigurations = (
				E63C608A1BF86FFA00FBC7E8 /* Debug */,
				E63C608B1BF86FFA00FBC7E8 /* Release */,
			);
			defaultConfigurationIsVisible = 0;
			defaultConfigurationName = Release;
		};
		E63C608C1BF86FFA00FBC7E8 /* Build configuration list for PBXNativeTarget "razuvaevMusic" */ = {
			isa = XCConfigurationList;
			buildConfigurations = (
				E63C608D1BF86FFA00FBC7E8 /* Debug */,
				E63C608E1BF86FFA00FBC7E8 /* Release */,
			);
			defaultConfigurationIsVisible = 0;
			defaultConfigurationName = Release;
		};
/* End XCConfigurationList section */

/* Begin XCVersionGroup section */
		E63C60B81BF8B15B00FBC7E8 /* ImagineModel.xcdatamodeld */ = {
			isa = XCVersionGroup;
			children = (
				E63C60B91BF8B15B00FBC7E8 /* ImagineModel.xcdatamodel */,
			);
			currentVersion = E63C60B91BF8B15B00FBC7E8 /* ImagineModel.xcdatamodel */;
			path = ImagineModel.xcdatamodeld;
			sourceTree = "<group>";
			versionGroupType = wrapper.xcdatamodel;
		};
/* End XCVersionGroup section */
	};
	rootObject = E63C606D1BF86FFA00FBC7E8 /* Project object */;
}
